
Microsoft Visual Studio Solution File, Format Version 12.00
# Visual Studio 15
VisualStudioVersion = 15.0.27428.2037
MinimumVisualStudioVersion = 10.0.40219.1
Project("{FAE04EC0-301F-11D3-BF4B-00C04F79EFBC}") = "Autism-Video-API", "Autism-Video-API\Autism-Video-API.csproj", "{F5EE6088-C217-4589-874A-1F17A0B261DE}"
EndProject
Global
	GlobalSection(SolutionConfigurationPlatforms) = preSolution
		Debug|Any CPU = Debug|Any CPU
		local|Any CPU = local|Any CPU
		Release|Any CPU = Release|Any CPU
	EndGlobalSection
	GlobalSection(ProjectConfigurationPlatforms) = postSolution
		{F5EE6088-C217-4589-874A-1F17A0B261DE}.Debug|Any CPU.ActiveCfg = Debug|Any CPU
		{F5EE6088-C217-4589-874A-1F17A0B261DE}.Debug|Any CPU.Build.0 = Debug|Any CPU
		{F5EE6088-C217-4589-874A-1F17A0B261DE}.local|Any CPU.ActiveCfg = local|Any CPU
		{F5EE6088-C217-4589-874A-1F17A0B261DE}.local|Any CPU.Build.0 = local|Any CPU
		{F5EE6088-C217-4589-874A-1F17A0B261DE}.Release|Any CPU.ActiveCfg = Release|Any CPU
		{F5EE6088-C217-4589-874A-1F17A0B261DE}.Release|Any CPU.Build.0 = Release|Any CPU
	EndGlobalSection
	GlobalSection(SolutionProperties) = preSolution
		HideSolutionNode = FALSE
	EndGlobalSection
	GlobalSection(ExtensibilityGlobals) = postSolution
		SolutionGuid = {48AE5645-AC1F-44D5-9E0B-F46F6F233976}
	EndGlobalSection
EndGlobal
